
Microsoft Visual Studio Solution File, Format Version 12.00
# Visual Studio Version 17
VisualStudioVersion = 17.8.34525.116
MinimumVisualStudioVersion = 10.0.40219.1
Project("{FAE04EC0-301F-11D3-BF4B-00C04F79EFBC}") = "klingejh_InClass20240409", "klingejh_InClass20240409\klingejh_InClass20240409.csproj", "{D765B6EA-3871-4A7E-94AA-CCA3F8F78C69}"
EndProject
Global
	GlobalSection(SolutionConfigurationPlatforms) = preSolution
		Debug|Any CPU = Debug|Any CPU
		Release|Any CPU = Release|Any CPU
	EndGlobalSection
	GlobalSection(ProjectConfigurationPlatforms) = postSolution
		{D765B6EA-3871-4A7E-94AA-CCA3F8F78C69}.Debug|Any CPU.ActiveCfg = Debug|Any CPU
		{D765B6EA-3871-4A7E-94AA-CCA3F8F78C69}.Debug|Any CPU.Build.0 = Debug|Any CPU
		{D765B6EA-3871-4A7E-94AA-CCA3F8F78C69}.Release|Any CPU.ActiveCfg = Release|Any CPU
		{D765B6EA-3871-4A7E-94AA-CCA3F8F78C69}.Release|Any CPU.Build.0 = Release|Any CPU
	EndGlobalSection
	GlobalSection(SolutionProperties) = preSolution
		HideSolutionNode = FALSE
	EndGlobalSection
	GlobalSection(ExtensibilityGlobals) = postSolution
		SolutionGuid = {89A3E554-C181-4F46-A24D-F4C942595D5B}
	EndGlobalSection
EndGlobal
